
Microsoft Visual Studio Solution File, Format Version 12.00
# Visual Studio Version 16
VisualStudioVersion = 16.0.29613.14
MinimumVisualStudioVersion = 10.0.40219.1
Project("{9A19103F-16F7-4668-BE54-9A1E7A4F7556}") = "Celeste.Mod.mm", "Celeste.Mod.mm\Celeste.Mod.mm.csproj", "{D5D0239D-FF95-4897-9484-1898AB7E82F5}"
EndProject
Project("{9A19103F-16F7-4668-BE54-9A1E7A4F7556}") = "MiniInstaller", "MiniInstaller\MiniInstaller.csproj", "{E91F4ECB-C9EF-4D90-9A8F-62DE8C104854}"
EndProject
Project("{2150E333-8FDC-42A3-9474-1A3956D46DE8}") = "Solution Items", "Solution Items", "{7D2B8A04-6A8B-4F7B-BB31-7748EDD4C76F}"
	ProjectSection(SolutionItems) = preProject
		.editorconfig = .editorconfig
	EndProjectSection
EndProject
Project("{FAE04EC0-301F-11D3-BF4B-00C04F79EFBC}") = "DiscordGameSDK", "DiscordGameSDK\DiscordGameSDK.csproj", "{6930075C-30DC-4501-BFE6-E576C03496D7}"
EndProject
Global
	GlobalSection(SolutionConfigurationPlatforms) = preSolution
		Debug|Any CPU = Debug|Any CPU
		Release|Any CPU = Release|Any CPU
	EndGlobalSection
	GlobalSection(ProjectConfigurationPlatforms) = postSolution
		{D5D0239D-FF95-4897-9484-1898AB7E82F5}.Debug|Any CPU.ActiveCfg = Debug|Any CPU
		{D5D0239D-FF95-4897-9484-1898AB7E82F5}.Debug|Any CPU.Build.0 = Debug|Any CPU
		{D5D0239D-FF95-4897-9484-1898AB7E82F5}.Release|Any CPU.ActiveCfg = Release|Any CPU
		{D5D0239D-FF95-4897-9484-1898AB7E82F5}.Release|Any CPU.Build.0 = Release|Any CPU
		{E91F4ECB-C9EF-4D90-9A8F-62DE8C104854}.Debug|Any CPU.ActiveCfg = Debug|Any CPU
		{E91F4ECB-C9EF-4D90-9A8F-62DE8C104854}.Debug|Any CPU.Build.0 = Debug|Any CPU
		{E91F4ECB-C9EF-4D90-9A8F-62DE8C104854}.Release|Any CPU.ActiveCfg = Release|Any CPU
		{E91F4ECB-C9EF-4D90-9A8F-62DE8C104854}.Release|Any CPU.Build.0 = Release|Any CPU
		{6930075C-30DC-4501-BFE6-E576C03496D7}.Debug|Any CPU.ActiveCfg = Debug|Any CPU
		{6930075C-30DC-4501-BFE6-E576C03496D7}.Debug|Any CPU.Build.0 = Debug|Any CPU
		{6930075C-30DC-4501-BFE6-E576C03496D7}.Release|Any CPU.ActiveCfg = Release|Any CPU
		{6930075C-30DC-4501-BFE6-E576C03496D7}.Release|Any CPU.Build.0 = Release|Any CPU
	EndGlobalSection
	GlobalSection(SolutionProperties) = preSolution
		HideSolutionNode = FALSE
	EndGlobalSection
	GlobalSection(ExtensibilityGlobals) = postSolution
		SolutionGuid = {E2742867-F8C0-4301-A81C-37FEF5A509AC}
	EndGlobalSection
EndGlobal
