
Microsoft Visual Studio Solution File, Format Version 12.00
# Visual Studio 14
VisualStudioVersion = 14.0.25420.1
MinimumVisualStudioVersion = 10.0.40219.1
Project("{FAE04EC0-301F-11D3-BF4B-00C04F79EFBC}") = "Celeste.Mod.mm", "Celeste.Mod.mm\Celeste.Mod.mm.csproj", "{D5D0239D-FF95-4897-9484-1898AB7E82F5}"
EndProject
Project("{FAE04EC0-301F-11D3-BF4B-00C04F79EFBC}") = "RainbowMod", "RainbowMod\RainbowMod.csproj", "{8CBA6958-CD94-44B4-970B-5FC3DBE6B019}"
EndProject
Project("{FAE04EC0-301F-11D3-BF4B-00C04F79EFBC}") = "MadelineEnergySelector", "MadelineenergySelector\MadelineEnergySelector.csproj", "{53886AAE-5331-4509-B15D-970737D81B44}"
EndProject
Global
	GlobalSection(SolutionConfigurationPlatforms) = preSolution
		Debug|Any CPU = Debug|Any CPU
		Release|Any CPU = Release|Any CPU
	EndGlobalSection
	GlobalSection(ProjectConfigurationPlatforms) = postSolution
		{D5D0239D-FF95-4897-9484-1898AB7E82F5}.Debug|Any CPU.ActiveCfg = Debug|Any CPU
		{D5D0239D-FF95-4897-9484-1898AB7E82F5}.Debug|Any CPU.Build.0 = Debug|Any CPU
		{D5D0239D-FF95-4897-9484-1898AB7E82F5}.Release|Any CPU.ActiveCfg = Release|Any CPU
		{D5D0239D-FF95-4897-9484-1898AB7E82F5}.Release|Any CPU.Build.0 = Release|Any CPU
		{8CBA6958-CD94-44B4-970B-5FC3DBE6B019}.Debug|Any CPU.ActiveCfg = Debug|Any CPU
		{8CBA6958-CD94-44B4-970B-5FC3DBE6B019}.Debug|Any CPU.Build.0 = Debug|Any CPU
		{8CBA6958-CD94-44B4-970B-5FC3DBE6B019}.Release|Any CPU.ActiveCfg = Release|Any CPU
		{8CBA6958-CD94-44B4-970B-5FC3DBE6B019}.Release|Any CPU.Build.0 = Release|Any CPU
		{53886AAE-5331-4509-B15D-970737D81B44}.Debug|Any CPU.ActiveCfg = Debug|Any CPU
		{53886AAE-5331-4509-B15D-970737D81B44}.Debug|Any CPU.Build.0 = Debug|Any CPU
		{53886AAE-5331-4509-B15D-970737D81B44}.Release|Any CPU.ActiveCfg = Release|Any CPU
		{53886AAE-5331-4509-B15D-970737D81B44}.Release|Any CPU.Build.0 = Release|Any CPU
	EndGlobalSection
	GlobalSection(SolutionProperties) = preSolution
		HideSolutionNode = FALSE
	EndGlobalSection
	GlobalSection(ExtensibilityGlobals) = postSolution
		SolutionGuid = {E2742867-F8C0-4301-A81C-37FEF5A509AC}
	EndGlobalSection
EndGlobal
